// !$*UTF8*$!
{
	archiveVersion = 1;
	classes = {
	};
	objectVersion = 55;
	objects = {

/* Begin PBXBuildFile section */
		C67A39B32732D9FF00A447F9 /* WeatherManager.swift in Sources */ = {isa = PBXBuildFile; fileRef = C67A39B22732D9FF00A447F9 /* WeatherManager.swift */; };
		C6B5B9162732CBA600627E6D /* AppDelegate.swift in Sources */ = {isa = PBXBuildFile; fileRef = C6B5B9152732CBA600627E6D /* AppDelegate.swift */; };
		C6B5B9182732CBA600627E6D /* SceneDelegate.swift in Sources */ = {isa = PBXBuildFile; fileRef = C6B5B9172732CBA600627E6D /* SceneDelegate.swift */; };
		C6B5B91A2732CBA600627E6D /* WeatherViewController.swift in Sources */ = {isa = PBXBuildFile; fileRef = C6B5B9192732CBA600627E6D /* WeatherViewController.swift */; };
		C6B5B91D2732CBA600627E6D /* Main.storyboard in Resources */ = {isa = PBXBuildFile; fileRef = C6B5B91B2732CBA600627E6D /* Main.storyboard */; };
		C6B5B91F2732CBA800627E6D /* Assets.xcassets in Resources */ = {isa = PBXBuildFile; fileRef = C6B5B91E2732CBA800627E6D /* Assets.xcassets */; };
		C6B5B9222732CBA800627E6D /* LaunchScreen.storyboard in Resources */ = {isa = PBXBuildFile; fileRef = C6B5B9202732CBA800627E6D /* LaunchScreen.storyboard */; };
		C6B5B92D2732CBA900627E6D /* WeatherAppTests.swift in Sources */ = {isa = PBXBuildFile; fileRef = C6B5B92C2732CBA900627E6D /* WeatherAppTests.swift */; };
		C6B5B9372732CBA900627E6D /* WeatherAppUITests.swift in Sources */ = {isa = PBXBuildFile; fileRef = C6B5B9362732CBA900627E6D /* WeatherAppUITests.swift */; };
		C6B5B9392732CBA900627E6D /* WeatherAppUITestsLaunchTests.swift in Sources */ = {isa = PBXBuildFile; fileRef = C6B5B9382732CBA900627E6D /* WeatherAppUITestsLaunchTests.swift */; };
		C6B8887B27340C030085E0B1 /* WeatherDate.swift in Sources */ = {isa = PBXBuildFile; fileRef = C6B8887A27340C030085E0B1 /* WeatherDate.swift */; };
		C6B8887D2737E44D0085E0B1 /* WeatherModel.swift in Sources */ = {isa = PBXBuildFile; fileRef = C6B8887C2737E44D0085E0B1 /* WeatherModel.swift */; };
/* End PBXBuildFile section */

/* Begin PBXContainerItemProxy section */
		C6B5B9292732CBA900627E6D /* PBXContainerItemProxy */ = {
			isa = PBXContainerItemProxy;
			containerPortal = C6B5B90A2732CBA600627E6D /* Project object */;
			proxyType = 1;
			remoteGlobalIDString = C6B5B9112732CBA600627E6D;
			remoteInfo = WeatherApp;
		};
		C6B5B9332732CBA900627E6D /* PBXContainerItemProxy */ = {
			isa = PBXContainerItemProxy;
			containerPortal = C6B5B90A2732CBA600627E6D /* Project object */;
			proxyType = 1;
			remoteGlobalIDString = C6B5B9112732CBA600627E6D;
			remoteInfo = WeatherApp;
		};
/* End PBXContainerItemProxy section */

/* Begin PBXFileReference section */
		C67A39B22732D9FF00A447F9 /* WeatherManager.swift */ = {isa = PBXFileReference; lastKnownFileType = sourcecode.swift; path = WeatherManager.swift; sourceTree = "<group>"; };
		C6B5B9122732CBA600627E6D /* WeatherApp.app */ = {isa = PBXFileReference; explicitFileType = wrapper.application; includeInIndex = 0; path = WeatherApp.app; sourceTree = BUILT_PRODUCTS_DIR; };
		C6B5B9152732CBA600627E6D /* AppDelegate.swift */ = {isa = PBXFileReference; lastKnownFileType = sourcecode.swift; path = AppDelegate.swift; sourceTree = "<group>"; };
		C6B5B9172732CBA600627E6D /* SceneDelegate.swift */ = {isa = PBXFileReference; lastKnownFileType = sourcecode.swift; path = SceneDelegate.swift; sourceTree = "<group>"; };
		C6B5B9192732CBA600627E6D /* WeatherViewController.swift */ = {isa = PBXFileReference; lastKnownFileType = sourcecode.swift; path = WeatherViewController.swift; sourceTree = "<group>"; };
		C6B5B91C2732CBA600627E6D /* Base */ = {isa = PBXFileReference; lastKnownFileType = file.storyboard; name = Base; path = Base.lproj/Main.storyboard; sourceTree = "<group>"; };
		C6B5B91E2732CBA800627E6D /* Assets.xcassets */ = {isa = PBXFileReference; lastKnownFileType = folder.assetcatalog; path = Assets.xcassets; sourceTree = "<group>"; };
		C6B5B9212732CBA800627E6D /* Base */ = {isa = PBXFileReference; lastKnownFileType = file.storyboard; name = Base; path = Base.lproj/LaunchScreen.storyboard; sourceTree = "<group>"; };
		C6B5B9232732CBA800627E6D /* Info.plist */ = {isa = PBXFileReference; lastKnownFileType = text.plist.xml; path = Info.plist; sourceTree = "<group>"; };
		C6B5B9282732CBA900627E6D /* WeatherAppTests.xctest */ = {isa = PBXFileReference; explicitFileType = wrapper.cfbundle; includeInIndex = 0; path = WeatherAppTests.xctest; sourceTree = BUILT_PRODUCTS_DIR; };
		C6B5B92C2732CBA900627E6D /* WeatherAppTests.swift */ = {isa = PBXFileReference; lastKnownFileType = sourcecode.swift; path = WeatherAppTests.swift; sourceTree = "<group>"; };
		C6B5B9322732CBA900627E6D /* WeatherAppUITests.xctest */ = {isa = PBXFileReference; explicitFileType = wrapper.cfbundle; includeInIndex = 0; path = WeatherAppUITests.xctest; sourceTree = BUILT_PRODUCTS_DIR; };
		C6B5B9362732CBA900627E6D /* WeatherAppUITests.swift */ = {isa = PBXFileReference; lastKnownFileType = sourcecode.swift; path = WeatherAppUITests.swift; sourceTree = "<group>"; };
		C6B5B9382732CBA900627E6D /* WeatherAppUITestsLaunchTests.swift */ = {isa = PBXFileReference; lastKnownFileType = sourcecode.swift; path = WeatherAppUITestsLaunchTests.swift; sourceTree = "<group>"; };
		C6B8887A27340C030085E0B1 /* WeatherDate.swift */ = {isa = PBXFileReference; lastKnownFileType = sourcecode.swift; path = WeatherDate.swift; sourceTree = "<group>"; };
		C6B8887C2737E44D0085E0B1 /* WeatherModel.swift */ = {isa = PBXFileReference; lastKnownFileType = sourcecode.swift; path = WeatherModel.swift; sourceTree = "<group>"; };
/* End PBXFileReference section */

/* Begin PBXFrameworksBuildPhase section */
		C6B5B90F2732CBA600627E6D /* Frameworks */ = {
			isa = PBXFrameworksBuildPhase;
			buildActionMask = 2147483647;
			files = (
			);
			runOnlyForDeploymentPostprocessing = 0;
		};
		C6B5B9252732CBA900627E6D /* Frameworks */ = {
			isa = PBXFrameworksBuildPhase;
			buildActionMask = 2147483647;
			files = (
			);
			runOnlyForDeploymentPostprocessing = 0;
		};
		C6B5B92F2732CBA900627E6D /* Frameworks */ = {
			isa = PBXFrameworksBuildPhase;
			buildActionMask = 2147483647;
			files = (
			);
			runOnlyForDeploymentPostprocessing = 0;
		};
/* End PBXFrameworksBuildPhase section */

/* Begin PBXGroup section */
		C6B5B9092732CBA600627E6D = {
			isa = PBXGroup;
			children = (
				C6B5B9142732CBA600627E6D /* WeatherApp */,
				C6B5B92B2732CBA900627E6D /* WeatherAppTests */,
				C6B5B9352732CBA900627E6D /* WeatherAppUITests */,
				C6B5B9132732CBA600627E6D /* Products */,
			);
			sourceTree = "<group>";
		};
		C6B5B9132732CBA600627E6D /* Products */ = {
			isa = PBXGroup;
			children = (
				C6B5B9122732CBA600627E6D /* WeatherApp.app */,
				C6B5B9282732CBA900627E6D /* WeatherAppTests.xctest */,
				C6B5B9322732CBA900627E6D /* WeatherAppUITests.xctest */,
			);
			name = Products;
			sourceTree = "<group>";
		};
		C6B5B9142732CBA600627E6D /* WeatherApp */ = {
			isa = PBXGroup;
			children = (
				C6B5B9152732CBA600627E6D /* AppDelegate.swift */,
				C6B5B9172732CBA600627E6D /* SceneDelegate.swift */,
				C6B5B9482732CC3500627E6D /* Model */,
				C6B5B9462732CC1200627E6D /* Controller */,
				C6B5B9492732CC4800627E6D /* View */,
				C6B5B91E2732CBA800627E6D /* Assets.xcassets */,
				C6B5B9202732CBA800627E6D /* LaunchScreen.storyboard */,
				C6B5B9232732CBA800627E6D /* Info.plist */,
			);
			path = WeatherApp;
			sourceTree = "<group>";
		};
		C6B5B92B2732CBA900627E6D /* WeatherAppTests */ = {
			isa = PBXGroup;
			children = (
				C6B5B92C2732CBA900627E6D /* WeatherAppTests.swift */,
			);
			path = WeatherAppTests;
			sourceTree = "<group>";
		};
		C6B5B9352732CBA900627E6D /* WeatherAppUITests */ = {
			isa = PBXGroup;
			children = (
				C6B5B9362732CBA900627E6D /* WeatherAppUITests.swift */,
				C6B5B9382732CBA900627E6D /* WeatherAppUITestsLaunchTests.swift */,
			);
			path = WeatherAppUITests;
			sourceTree = "<group>";
		};
		C6B5B9462732CC1200627E6D /* Controller */ = {
			isa = PBXGroup;
			children = (
				C6B5B9192732CBA600627E6D /* WeatherViewController.swift */,
			);
			path = Controller;
			sourceTree = "<group>";
		};
		C6B5B9482732CC3500627E6D /* Model */ = {
			isa = PBXGroup;
			children = (
				C67A39B22732D9FF00A447F9 /* WeatherManager.swift */,
				C6B8887A27340C030085E0B1 /* WeatherDate.swift */,
				C6B8887C2737E44D0085E0B1 /* WeatherModel.swift */,
			);
			path = Model;
			sourceTree = "<group>";
		};
		C6B5B9492732CC4800627E6D /* View */ = {
			isa = PBXGroup;
			children = (
				C6B5B91B2732CBA600627E6D /* Main.storyboard */,
			);
			path = View;
			sourceTree = "<group>";
		};
/* End PBXGroup section */

/* Begin PBXNativeTarget section */
		C6B5B9112732CBA600627E6D /* WeatherApp */ = {
			isa = PBXNativeTarget;
			buildConfigurationList = C6B5B93C2732CBA900627E6D /* Build configuration list for PBXNativeTarget "WeatherApp" */;
			buildPhases = (
				C6B5B90E2732CBA600627E6D /* Sources */,
				C6B5B90F2732CBA600627E6D /* Frameworks */,
				C6B5B9102732CBA600627E6D /* Resources */,
			);
			buildRules = (
			);
			dependencies = (
			);
			name = WeatherApp;
			productName = WeatherApp;
			productReference = C6B5B9122732CBA600627E6D /* WeatherApp.app */;
			productType = "com.apple.product-type.application";
		};
		C6B5B9272732CBA900627E6D /* WeatherAppTests */ = {
			isa = PBXNativeTarget;
			buildConfigurationList = C6B5B93F2732CBA900627E6D /* Build configuration list for PBXNativeTarget "WeatherAppTests" */;
			buildPhases = (
				C6B5B9242732CBA900627E6D /* Sources */,
				C6B5B9252732CBA900627E6D /* Frameworks */,
				C6B5B9262732CBA900627E6D /* Resources */,
			);
			buildRules = (
			);
			dependencies = (
				C6B5B92A2732CBA900627E6D /* PBXTargetDependency */,
			);
			name = WeatherAppTests;
			productName = WeatherAppTests;
			productReference = C6B5B9282732CBA900627E6D /* WeatherAppTests.xctest */;
			productType = "com.apple.product-type.bundle.unit-test";
		};
		C6B5B9312732CBA900627E6D /* WeatherAppUITests */ = {
			isa = PBXNativeTarget;
			buildConfigurationList = C6B5B9422732CBA900627E6D /* Build configuration list for PBXNativeTarget "WeatherAppUITests" */;
			buildPhases = (
				C6B5B92E2732CBA900627E6D /* Sources */,
				C6B5B92F2732CBA900627E6D /* Frameworks */,
				C6B5B9302732CBA900627E6D /* Resources */,
			);
			buildRules = (
			);
			dependencies = (
				C6B5B9342732CBA900627E6D /* PBXTargetDependency */,
			);
			name = WeatherAppUITests;
			productName = WeatherAppUITests;
			productReference = C6B5B9322732CBA900627E6D /* WeatherAppUITests.xctest */;
			productType = "com.apple.product-type.bundle.ui-testing";
		};
/* End PBXNativeTarget section */

/* Begin PBXProject section */
		C6B5B90A2732CBA600627E6D /* Project object */ = {
			isa = PBXProject;
			attributes = {
				BuildIndependentTargetsInParallel = 1;
				LastSwiftUpdateCheck = 1310;
				LastUpgradeCheck = 1310;
				TargetAttributes = {
					C6B5B9112732CBA600627E6D = {
						CreatedOnToolsVersion = 13.1;
					};
					C6B5B9272732CBA900627E6D = {
						CreatedOnToolsVersion = 13.1;
						TestTargetID = C6B5B9112732CBA600627E6D;
					};
					C6B5B9312732CBA900627E6D = {
						CreatedOnToolsVersion = 13.1;
						TestTargetID = C6B5B9112732CBA600627E6D;
					};
				};
			};
			buildConfigurationList = C6B5B90D2732CBA600627E6D /* Build configuration list for PBXProject "WeatherApp" */;
			compatibilityVersion = "Xcode 13.0";
			developmentRegion = en;
			hasScannedForEncodings = 0;
			knownRegions = (
				en,
				Base,
			);
			mainGroup = C6B5B9092732CBA600627E6D;
			productRefGroup = C6B5B9132732CBA600627E6D /* Products */;
			projectDirPath = "";
			projectRoot = "";
			targets = (
				C6B5B9112732CBA600627E6D /* WeatherApp */,
				C6B5B9272732CBA900627E6D /* WeatherAppTests */,
				C6B5B9312732CBA900627E6D /* WeatherAppUITests */,
			);
		};
/* End PBXProject section */

/* Begin PBXResourcesBuildPhase section */
		C6B5B9102732CBA600627E6D /* Resources */ = {
			isa = PBXResourcesBuildPhase;
			buildActionMask = 2147483647;
			files = (
				C6B5B9222732CBA800627E6D /* LaunchScreen.storyboard in Resources */,
				C6B5B91F2732CBA800627E6D /* Assets.xcassets in Resources */,
				C6B5B91D2732CBA600627E6D /* Main.storyboard in Resources */,
			);
			runOnlyForDeploymentPostprocessing = 0;
		};
		C6B5B9262732CBA900627E6D /* Resources */ = {
			isa = PBXResourcesBuildPhase;
			buildActionMask = 2147483647;
			files = (
			);
			runOnlyForDeploymentPostprocessing = 0;
		};
		C6B5B9302732CBA900627E6D /* Resources */ = {
			isa = PBXResourcesBuildPhase;
			buildActionMask = 2147483647;
			files = (
			);
			runOnlyForDeploymentPostprocessing = 0;
		};
/* End PBXResourcesBuildPhase section */

/* Begin PBXSourcesBuildPhase section */
		C6B5B90E2732CBA600627E6D /* Sources */ = {
			isa = PBXSourcesBuildPhase;
			buildActionMask = 2147483647;
			files = (
				C6B5B91A2732CBA600627E6D /* WeatherViewController.swift in Sources */,
				C6B8887B27340C030085E0B1 /* WeatherDate.swift in Sources */,
				C6B5B9162732CBA600627E6D /* AppDelegate.swift in Sources */,
				C67A39B32732D9FF00A447F9 /* WeatherManager.swift in Sources */,
				C6B8887D2737E44D0085E0B1 /* WeatherModel.swift in Sources */,
				C6B5B9182732CBA600627E6D /* SceneDelegate.swift in Sources */,
			);
			runOnlyForDeploymentPostprocessing = 0;
		};
		C6B5B9242732CBA900627E6D /* Sources */ = {
			isa = PBXSourcesBuildPhase;
			buildActionMask = 2147483647;
			files = (
				C6B5B92D2732CBA900627E6D /* WeatherAppTests.swift in Sources */,
			);
			runOnlyForDeploymentPostprocessing = 0;
		};
		C6B5B92E2732CBA900627E6D /* Sources */ = {
			isa = PBXSourcesBuildPhase;
			buildActionMask = 2147483647;
			files = (
				C6B5B9372732CBA900627E6D /* WeatherAppUITests.swift in Sources */,
				C6B5B9392732CBA900627E6D /* WeatherAppUITestsLaunchTests.swift in Sources */,
			);
			runOnlyForDeploymentPostprocessing = 0;
		};
/* End PBXSourcesBuildPhase section */

/* Begin PBXTargetDependency section */
		C6B5B92A2732CBA900627E6D /* PBXTargetDependency */ = {
			isa = PBXTargetDependency;
			target = C6B5B9112732CBA600627E6D /* WeatherApp */;
			targetProxy = C6B5B9292732CBA900627E6D /* PBXContainerItemProxy */;
		};
		C6B5B9342732CBA900627E6D /* PBXTargetDependency */ = {
			isa = PBXTargetDependency;
			target = C6B5B9112732CBA600627E6D /* WeatherApp */;
			targetProxy = C6B5B9332732CBA900627E6D /* PBXContainerItemProxy */;
		};
/* End PBXTargetDependency section */

/* Begin PBXVariantGroup section */
		C6B5B91B2732CBA600627E6D /* Main.storyboard */ = {
			isa = PBXVariantGroup;
			children = (
				C6B5B91C2732CBA600627E6D /* Base */,
			);
			name = Main.storyboard;
			sourceTree = "<group>";
		};
		C6B5B9202732CBA800627E6D /* LaunchScreen.storyboard */ = {
			isa = PBXVariantGroup;
			children = (
				C6B5B9212732CBA800627E6D /* Base */,
			);
			name = LaunchScreen.storyboard;
			sourceTree = "<group>";
		};
/* End PBXVariantGroup section */

/* Begin XCBuildConfiguration section */
		C6B5B93A2732CBA900627E6D /* Debug */ = {
			isa = XCBuildConfiguration;
			buildSettings = {
				ALWAYS_SEARCH_USER_PATHS = NO;
				CLANG_ANALYZER_NONNULL = YES;
				CLANG_ANALYZER_NUMBER_OBJECT_CONVERSION = YES_AGGRESSIVE;
				CLANG_CXX_LANGUAGE_STANDARD = "gnu++17";
				CLANG_CXX_LIBRARY = "libc++";
				CLANG_ENABLE_MODULES = YES;
				CLANG_ENABLE_OBJC_ARC = YES;
				CLANG_ENABLE_OBJC_WEAK = YES;
				CLANG_WARN_BLOCK_CAPTURE_AUTORELEASING = YES;
				CLANG_WARN_BOOL_CONVERSION = YES;
				CLANG_WARN_COMMA = YES;
				CLANG_WARN_CONSTANT_CONVERSION = YES;
				CLANG_WARN_DEPRECATED_OBJC_IMPLEMENTATIONS = YES;
				CLANG_WARN_DIRECT_OBJC_ISA_USAGE = YES_ERROR;
				CLANG_WARN_DOCUMENTATION_COMMENTS = YES;
				CLANG_WARN_EMPTY_BODY = YES;
				CLANG_WARN_ENUM_CONVERSION = YES;
				CLANG_WARN_INFINITE_RECURSION = YES;
				CLANG_WARN_INT_CONVERSION = YES;
				CLANG_WARN_NON_LITERAL_NULL_CONVERSION = YES;
				CLANG_WARN_OBJC_IMPLICIT_RETAIN_SELF = YES;
				CLANG_WARN_OBJC_LITERAL_CONVERSION = YES;
				CLANG_WARN_OBJC_ROOT_CLASS = YES_ERROR;
				CLANG_WARN_QUOTED_INCLUDE_IN_FRAMEWORK_HEADER = YES;
				CLANG_WARN_RANGE_LOOP_ANALYSIS = YES;
				CLANG_WARN_STRICT_PROTOTYPES = YES;
				CLANG_WARN_SUSPICIOUS_MOVE = YES;
				CLANG_WARN_UNGUARDED_AVAILABILITY = YES_AGGRESSIVE;
				CLANG_WARN_UNREACHABLE_CODE = YES;
				CLANG_WARN__DUPLICATE_METHOD_MATCH = YES;
				COPY_PHASE_STRIP = NO;
				DEBUG_INFORMATION_FORMAT = dwarf;
				ENABLE_STRICT_OBJC_MSGSEND = YES;
				ENABLE_TESTABILITY = YES;
				GCC_C_LANGUAGE_STANDARD = gnu11;
				GCC_DYNAMIC_NO_PIC = NO;
				GCC_NO_COMMON_BLOCKS = YES;
				GCC_OPTIMIZATION_LEVEL = 0;
				GCC_PREPROCESSOR_DEFINITIONS = (
					"DEBUG=1",
					"$(inherited)",
				);
				GCC_WARN_64_TO_32_BIT_CONVERSION = YES;
				GCC_WARN_ABOUT_RETURN_TYPE = YES_ERROR;
				GCC_WARN_UNDECLARED_SELECTOR = YES;
				GCC_WARN_UNINITIALIZED_AUTOS = YES_AGGRESSIVE;
				GCC_WARN_UNUSED_FUNCTION = YES;
				GCC_WARN_UNUSED_VARIABLE = YES;
				IPHONEOS_DEPLOYMENT_TARGET = 15.0;
				MTL_ENABLE_DEBUG_INFO = INCLUDE_SOURCE;
				MTL_FAST_MATH = YES;
				ONLY_ACTIVE_ARCH = YES;
				SDKROOT = iphoneos;
				SWIFT_ACTIVE_COMPILATION_CONDITIONS = DEBUG;
				SWIFT_OPTIMIZATION_LEVEL = "-Onone";
			};
			name = Debug;
		};
		C6B5B93B2732CBA900627E6D /* Release */ = {
			isa = XCBuildConfiguration;
			buildSettings = {
				ALWAYS_SEARCH_USER_PATHS = NO;
				CLANG_ANALYZER_NONNULL = YES;
				CLANG_ANALYZER_NUMBER_OBJECT_CONVERSION = YES_AGGRESSIVE;
				CLANG_CXX_LANGUAGE_STANDARD = "gnu++17";
				CLANG_CXX_LIBRARY = "libc++";
				CLANG_ENABLE_MODULES = YES;
				CLANG_ENABLE_OBJC_ARC = YES;
				CLANG_ENABLE_OBJC_WEAK = YES;
				CLANG_WARN_BLOCK_CAPTURE_AUTORELEASING = YES;
				CLANG_WARN_BOOL_CONVERSION = YES;
				CLANG_WARN_COMMA = YES;
				CLANG_WARN_CONSTANT_CONVERSION = YES;
				CLANG_WARN_DEPRECATED_OBJC_IMPLEMENTATIONS = YES;
				CLANG_WARN_DIRECT_OBJC_ISA_USAGE = YES_ERROR;
				CLANG_WARN_DOCUMENTATION_COMMENTS = YES;
				CLANG_WARN_EMPTY_BODY = YES;
				CLANG_WARN_ENUM_CONVERSION = YES;
				CLANG_WARN_INFINITE_RECURSION = YES;
				CLANG_WARN_INT_CONVERSION = YES;
				CLANG_WARN_NON_LITERAL_NULL_CONVERSION = YES;
				CLANG_WARN_OBJC_IMPLICIT_RETAIN_SELF = YES;
				CLANG_WARN_OBJC_LITERAL_CONVERSION = YES;
				CLANG_WARN_OBJC_ROOT_CLASS = YES_ERROR;
				CLANG_WARN_QUOTED_INCLUDE_IN_FRAMEWORK_HEADER = YES;
				CLANG_WARN_RANGE_LOOP_ANALYSIS = YES;
				CLANG_WARN_STRICT_PROTOTYPES = YES;
				CLANG_WARN_SUSPICIOUS_MOVE = YES;
				CLANG_WARN_UNGUARDED_AVAILABILITY = YES_AGGRESSIVE;
				CLANG_WARN_UNREACHABLE_CODE = YES;
				CLANG_WARN__DUPLICATE_METHOD_MATCH = YES;
				COPY_PHASE_STRIP = NO;
				DEBUG_INFORMATION_FORMAT = "dwarf-with-dsym";
				ENABLE_NS_ASSERTIONS = NO;
				ENABLE_STRICT_OBJC_MSGSEND = YES;
				GCC_C_LANGUAGE_STANDARD = gnu11;
				GCC_NO_COMMON_BLOCKS = YES;
				GCC_WARN_64_TO_32_BIT_CONVERSION = YES;
				GCC_WARN_ABOUT_RETURN_TYPE = YES_ERROR;
				GCC_WARN_UNDECLARED_SELECTOR = YES;
				GCC_WARN_UNINITIALIZED_AUTOS = YES_AGGRESSIVE;
				GCC_WARN_UNUSED_FUNCTION = YES;
				GCC_WARN_UNUSED_VARIABLE = YES;
				IPHONEOS_DEPLOYMENT_TARGET = 15.0;
				MTL_ENABLE_DEBUG_INFO = NO;
				MTL_FAST_MATH = YES;
				SDKROOT = iphoneos;
				SWIFT_COMPILATION_MODE = wholemodule;
				SWIFT_OPTIMIZATION_LEVEL = "-O";
				VALIDATE_PRODUCT = YES;
			};
			name = Release;
		};
		C6B5B93D2732CBA900627E6D /* Debug */ = {
			isa = XCBuildConfiguration;
			buildSettings = {
				ASSETCATALOG_COMPILER_APPICON_NAME = AppIcon;
				ASSETCATALOG_COMPILER_GLOBAL_ACCENT_COLOR_NAME = AccentColor;
				CODE_SIGN_STYLE = Automatic;
				CURRENT_PROJECT_VERSION = 1;
				DEVELOPMENT_TEAM = 48MD5H7UT2;
				GENERATE_INFOPLIST_FILE = YES;
				INFOPLIST_FILE = WeatherApp/Info.plist;
				INFOPLIST_KEY_UIApplicationSupportsIndirectInputEvents = YES;
				INFOPLIST_KEY_UILaunchStoryboardName = LaunchScreen;
				INFOPLIST_KEY_UIMainStoryboardFile = Main;
				INFOPLIST_KEY_UISupportedInterfaceOrientations_iPad = "UIInterfaceOrientationPortrait UIInterfaceOrientationPortraitUpsideDown UIInterfaceOrientationLandscapeLeft UIInterfaceOrientationLandscapeRight";
				INFOPLIST_KEY_UISupportedInterfaceOrientations_iPhone = "UIInterfaceOrientationPortrait UIInterfaceOrientationLandscapeLeft UIInterfaceOrientationLandscapeRight";
				LD_RUNPATH_SEARCH_PATHS = (
					"$(inherited)",
					"@executable_path/Frameworks",
				);
				MARKETING_VERSION = 1.0;
				PRODUCT_BUNDLE_IDENTIFIER = testapp.WeatherApp;
				PRODUCT_NAME = "$(TARGET_NAME)";
				SWIFT_EMIT_LOC_STRINGS = YES;
				SWIFT_VERSION = 5.0;
				TARGETED_DEVICE_FAMILY = "1,2";
			};
			name = Debug;
		};
		C6B5B93E2732CBA900627E6D /* Release */ = {
			isa = XCBuildConfiguration;
			buildSettings = {
				ASSETCATALOG_COMPILER_APPICON_NAME = AppIcon;
				ASSETCATALOG_COMPILER_GLOBAL_ACCENT_COLOR_NAME = AccentColor;
				CODE_SIGN_STYLE = Automatic;
				CURRENT_PROJECT_VERSION = 1;
				DEVELOPMENT_TEAM = 48MD5H7UT2;
				GENERATE_INFOPLIST_FILE = YES;
				INFOPLIST_FILE = WeatherApp/Info.plist;
				INFOPLIST_KEY_UIApplicationSupportsIndirectInputEvents = YES;
				INFOPLIST_KEY_UILaunchStoryboardName = LaunchScreen;
				INFOPLIST_KEY_UIMainStoryboardFile = Main;
				INFOPLIST_KEY_UISupportedInterfaceOrientations_iPad = "UIInterfaceOrientationPortrait UIInterfaceOrientationPortraitUpsideDown UIInterfaceOrientationLandscapeLeft UIInterfaceOrientationLandscapeRight";
				INFOPLIST_KEY_UISupportedInterfaceOrientations_iPhone = "UIInterfaceOrientationPortrait UIInterfaceOrientationLandscapeLeft UIInterfaceOrientationLandscapeRight";
				LD_RUNPATH_SEARCH_PATHS = (
					"$(inherited)",
					"@executable_path/Frameworks",
				);
				MARKETING_VERSION = 1.0;
				PRODUCT_BUNDLE_IDENTIFIER = testapp.WeatherApp;
				PRODUCT_NAME = "$(TARGET_NAME)";
				SWIFT_EMIT_LOC_STRINGS = YES;
				SWIFT_VERSION = 5.0;
				TARGETED_DEVICE_FAMILY = "1,2";
			};
			name = Release;
		};
		C6B5B9402732CBA900627E6D /* Debug */ = {
			isa = XCBuildConfiguration;
			buildSettings = {
				ALWAYS_EMBED_SWIFT_STANDARD_LIBRARIES = YES;
				BUNDLE_LOADER = "$(TEST_HOST)";
				CODE_SIGN_STYLE = Automatic;
				CURRENT_PROJECT_VERSION = 1;
				DEVELOPMENT_TEAM = 48MD5H7UT2;
				GENERATE_INFOPLIST_FILE = YES;
				IPHONEOS_DEPLOYMENT_TARGET = 15.0;
				LD_RUNPATH_SEARCH_PATHS = (
					"$(inherited)",
					"@executable_path/Frameworks",
					"@loader_path/Frameworks",
				);
				MARKETING_VERSION = 1.0;
				PRODUCT_BUNDLE_IDENTIFIER = testapp.WeatherAppTests;
				PRODUCT_NAME = "$(TARGET_NAME)";
				SWIFT_EMIT_LOC_STRINGS = NO;
				SWIFT_VERSION = 5.0;
				TARGETED_DEVICE_FAMILY = "1,2";
				TEST_HOST = "$(BUILT_PRODUCTS_DIR)/WeatherApp.app/WeatherApp";
			};
			name = Debug;
		};
		C6B5B9412732CBA900627E6D /* Release */ = {
			isa = XCBuildConfiguration;
			buildSettings = {
				ALWAYS_EMBED_SWIFT_STANDARD_LIBRARIES = YES;
				BUNDLE_LOADER = "$(TEST_HOST)";
				CODE_SIGN_STYLE = Automatic;
				CURRENT_PROJECT_VERSION = 1;
				DEVELOPMENT_TEAM = 48MD5H7UT2;
				GENERATE_INFOPLIST_FILE = YES;
				IPHONEOS_DEPLOYMENT_TARGET = 15.0;
				LD_RUNPATH_SEARCH_PATHS = (
					"$(inherited)",
					"@executable_path/Frameworks",
					"@loader_path/Frameworks",
				);
				MARKETING_VERSION = 1.0;
				PRODUCT_BUNDLE_IDENTIFIER = testapp.WeatherAppTests;
				PRODUCT_NAME = "$(TARGET_NAME)";
				SWIFT_EMIT_LOC_STRINGS = NO;
				SWIFT_VERSION = 5.0;
				TARGETED_DEVICE_FAMILY = "1,2";
				TEST_HOST = "$(BUILT_PRODUCTS_DIR)/WeatherApp.app/WeatherApp";
			};
			name = Release;
		};
		C6B5B9432732CBA900627E6D /* Debug */ = {
			isa = XCBuildConfiguration;
			buildSettings = {
				ALWAYS_EMBED_SWIFT_STANDARD_LIBRARIES = YES;
				CODE_SIGN_STYLE = Automatic;
				CURRENT_PROJECT_VERSION = 1;
				DEVELOPMENT_TEAM = 48MD5H7UT2;
				GENERATE_INFOPLIST_FILE = YES;
				LD_RUNPATH_SEARCH_PATHS = (
					"$(inherited)",
					"@executable_path/Frameworks",
					"@loader_path/Frameworks",
				);
				MARKETING_VERSION = 1.0;
				PRODUCT_BUNDLE_IDENTIFIER = testapp.WeatherAppUITests;
				PRODUCT_NAME = "$(TARGET_NAME)";
				SWIFT_EMIT_LOC_STRINGS = NO;
				SWIFT_VERSION = 5.0;
				TARGETED_DEVICE_FAMILY = "1,2";
				TEST_TARGET_NAME = WeatherApp;
			};
			name = Debug;
		};
		C6B5B9442732CBA900627E6D /* Release */ = {
			isa = XCBuildConfiguration;
			buildSettings = {
				ALWAYS_EMBED_SWIFT_STANDARD_LIBRARIES = YES;
				CODE_SIGN_STYLE = Automatic;
				CURRENT_PROJECT_VERSION = 1;
				DEVELOPMENT_TEAM = 48MD5H7UT2;
				GENERATE_INFOPLIST_FILE = YES;
				LD_RUNPATH_SEARCH_PATHS = (
					"$(inherited)",
					"@executable_path/Frameworks",
					"@loader_path/Frameworks",
				);
				MARKETING_VERSION = 1.0;
				PRODUCT_BUNDLE_IDENTIFIER = testapp.WeatherAppUITests;
				PRODUCT_NAME = "$(TARGET_NAME)";
				SWIFT_EMIT_LOC_STRINGS = NO;
				SWIFT_VERSION = 5.0;
				TARGETED_DEVICE_FAMILY = "1,2";
				TEST_TARGET_NAME = WeatherApp;
			};
			name = Release;
		};
/* End XCBuildConfiguration section */

/* Begin XCConfigurationList section */
		C6B5B90D2732CBA600627E6D /* Build configuration list for PBXProject "WeatherApp" */ = {
			isa = XCConfigurationList;
			buildConfigurations = (
				C6B5B93A2732CBA900627E6D /* Debug */,
				C6B5B93B2732CBA900627E6D /* Release */,
			);
			defaultConfigurationIsVisible = 0;
			defaultConfigurationName = Release;
		};
		C6B5B93C2732CBA900627E6D /* Build configuration list for PBXNativeTarget "WeatherApp" */ = {
			isa = XCConfigurationList;
			buildConfigurations = (
				C6B5B93D2732CBA900627E6D /* Debug */,
				C6B5B93E2732CBA900627E6D /* Release */,
			);
			defaultConfigurationIsVisible = 0;
			defaultConfigurationName = Release;
		};
		C6B5B93F2732CBA900627E6D /* Build configuration list for PBXNativeTarget "WeatherAppTests" */ = {
			isa = XCConfigurationList;
			buildConfigurations = (
				C6B5B9402732CBA900627E6D /* Debug */,
				C6B5B9412732CBA900627E6D /* Release */,
			);
			defaultConfigurationIsVisible = 0;
			defaultConfigurationName = Release;
		};
		C6B5B9422732CBA900627E6D /* Build configuration list for PBXNativeTarget "WeatherAppUITests" */ = {
			isa = XCConfigurationList;
			buildConfigurations = (
				C6B5B9432732CBA900627E6D /* Debug */,
				C6B5B9442732CBA900627E6D /* Release */,
			);
			defaultConfigurationIsVisible = 0;
			defaultConfigurationName = Release;
		};
/* End XCConfigurationList section */
	};
	rootObject = C6B5B90A2732CBA600627E6D /* Project object */;
}
